
Microsoft Visual Studio Solution File, Format Version 12.00
# Visual Studio Version 17
VisualStudioVersion = 17.1.31911.260
MinimumVisualStudioVersion = 10.0.40219.1
Project("{9A19103F-16F7-4668-BE54-9A1E7A4F7556}") = "MediaApps.Common", "src\common\MediaApps.Common\MediaApps.Common.csproj", "{71CF1A5D-0E71-44E9-B3E2-95623565A1F8}"
EndProject
Project("{9A19103F-16F7-4668-BE54-9A1E7A4F7556}") = "MediaApps.Series.Core", "src\series\MediaApps.Series.Core\MediaApps.Series.Core.csproj", "{CB430ABF-73D4-4F82-83BB-762803DA671B}"
EndProject
Project("{9A19103F-16F7-4668-BE54-9A1E7A4F7556}") = "EpisodeScraper.TvDbSharper", "src\series\EpisodeScraper.TvDbSharper\EpisodeScraper.TvDbSharper.csproj", "{EC117D85-8128-44CC-BA92-886F214788AD}"
EndProject
Project("{9A19103F-16F7-4668-BE54-9A1E7A4F7556}") = "EpisodeScraper", "src\series\EpisodeScraper\EpisodeScraper.csproj", "{D4552B80-D189-44C8-93A7-6D4452E8E65A}"
EndProject
Project("{9A19103F-16F7-4668-BE54-9A1E7A4F7556}") = "SeriesNavigator", "src\series\SeriesNavigator\SeriesNavigator.csproj", "{CC5732F8-2C66-40DD-ABBD-5C29E4775AAE}"
EndProject
Project("{2150E333-8FDC-42A3-9474-1A3956D46DE8}") = "Solution Items", "Solution Items", "{D8121DE1-0A9B-49B0-B82F-CEFE459DFC62}"
	ProjectSection(SolutionItems) = preProject
		.editorconfig = .editorconfig
		dependencies.props = dependencies.props
		Directory.Build.props = Directory.Build.props
		Directory.Build.targets = Directory.Build.targets
	EndProjectSection
EndProject
Project("{2150E333-8FDC-42A3-9474-1A3956D46DE8}") = "Series", "Series", "{266D83F3-D2A9-4314-9692-B8BD1223107B}"
EndProject
Project("{2150E333-8FDC-42A3-9474-1A3956D46DE8}") = "Movies", "Movies", "{D9352CE3-ECCA-4680-8B8A-2F16265D45AE}"
EndProject
Project("{9A19103F-16F7-4668-BE54-9A1E7A4F7556}") = "MovieCollection", "src\movies\MovieCollection\MovieCollection.csproj", "{829B6C9D-2136-4BD3-825F-399549508B8F}"
EndProject
Project("{9A19103F-16F7-4668-BE54-9A1E7A4F7556}") = "MovieCollection.Common", "src\movies\MovieCollection.Common\MovieCollection.Common.csproj", "{79EB823C-CE77-48FB-B3CB-FC71503ED454}"
EndProject
Project("{9A19103F-16F7-4668-BE54-9A1E7A4F7556}") = "Movies.TmDb", "src\movies\Movies.TmDb\Movies.TmDb.csproj", "{558C6D9A-3283-4760-B023-0EFC94FC7AD1}"
EndProject
Global
	GlobalSection(SolutionConfigurationPlatforms) = preSolution
		Debug|Any CPU = Debug|Any CPU
		Release|Any CPU = Release|Any CPU
	EndGlobalSection
	GlobalSection(ProjectConfigurationPlatforms) = postSolution
		{71CF1A5D-0E71-44E9-B3E2-95623565A1F8}.Debug|Any CPU.ActiveCfg = Debug|Any CPU
		{71CF1A5D-0E71-44E9-B3E2-95623565A1F8}.Debug|Any CPU.Build.0 = Debug|Any CPU
		{71CF1A5D-0E71-44E9-B3E2-95623565A1F8}.Release|Any CPU.ActiveCfg = Release|Any CPU
		{71CF1A5D-0E71-44E9-B3E2-95623565A1F8}.Release|Any CPU.Build.0 = Release|Any CPU
		{CB430ABF-73D4-4F82-83BB-762803DA671B}.Debug|Any CPU.ActiveCfg = Debug|Any CPU
		{CB430ABF-73D4-4F82-83BB-762803DA671B}.Debug|Any CPU.Build.0 = Debug|Any CPU
		{CB430ABF-73D4-4F82-83BB-762803DA671B}.Release|Any CPU.ActiveCfg = Release|Any CPU
		{CB430ABF-73D4-4F82-83BB-762803DA671B}.Release|Any CPU.Build.0 = Release|Any CPU
		{EC117D85-8128-44CC-BA92-886F214788AD}.Debug|Any CPU.ActiveCfg = Debug|Any CPU
		{EC117D85-8128-44CC-BA92-886F214788AD}.Debug|Any CPU.Build.0 = Debug|Any CPU
		{EC117D85-8128-44CC-BA92-886F214788AD}.Release|Any CPU.ActiveCfg = Release|Any CPU
		{EC117D85-8128-44CC-BA92-886F214788AD}.Release|Any CPU.Build.0 = Release|Any CPU
		{D4552B80-D189-44C8-93A7-6D4452E8E65A}.Debug|Any CPU.ActiveCfg = Debug|Any CPU
		{D4552B80-D189-44C8-93A7-6D4452E8E65A}.Debug|Any CPU.Build.0 = Debug|Any CPU
		{D4552B80-D189-44C8-93A7-6D4452E8E65A}.Release|Any CPU.ActiveCfg = Release|Any CPU
		{D4552B80-D189-44C8-93A7-6D4452E8E65A}.Release|Any CPU.Build.0 = Release|Any CPU
		{CC5732F8-2C66-40DD-ABBD-5C29E4775AAE}.Debug|Any CPU.ActiveCfg = Debug|Any CPU
		{CC5732F8-2C66-40DD-ABBD-5C29E4775AAE}.Debug|Any CPU.Build.0 = Debug|Any CPU
		{CC5732F8-2C66-40DD-ABBD-5C29E4775AAE}.Release|Any CPU.ActiveCfg = Release|Any CPU
		{CC5732F8-2C66-40DD-ABBD-5C29E4775AAE}.Release|Any CPU.Build.0 = Release|Any CPU
		{829B6C9D-2136-4BD3-825F-399549508B8F}.Debug|Any CPU.ActiveCfg = Debug|Any CPU
		{829B6C9D-2136-4BD3-825F-399549508B8F}.Debug|Any CPU.Build.0 = Debug|Any CPU
		{829B6C9D-2136-4BD3-825F-399549508B8F}.Release|Any CPU.ActiveCfg = Release|Any CPU
		{829B6C9D-2136-4BD3-825F-399549508B8F}.Release|Any CPU.Build.0 = Release|Any CPU
		{79EB823C-CE77-48FB-B3CB-FC71503ED454}.Debug|Any CPU.ActiveCfg = Debug|Any CPU
		{79EB823C-CE77-48FB-B3CB-FC71503ED454}.Debug|Any CPU.Build.0 = Debug|Any CPU
		{79EB823C-CE77-48FB-B3CB-FC71503ED454}.Release|Any CPU.ActiveCfg = Release|Any CPU
		{79EB823C-CE77-48FB-B3CB-FC71503ED454}.Release|Any CPU.Build.0 = Release|Any CPU
		{558C6D9A-3283-4760-B023-0EFC94FC7AD1}.Debug|Any CPU.ActiveCfg = Debug|Any CPU
		{558C6D9A-3283-4760-B023-0EFC94FC7AD1}.Debug|Any CPU.Build.0 = Debug|Any CPU
		{558C6D9A-3283-4760-B023-0EFC94FC7AD1}.Release|Any CPU.ActiveCfg = Release|Any CPU
		{558C6D9A-3283-4760-B023-0EFC94FC7AD1}.Release|Any CPU.Build.0 = Release|Any CPU
	EndGlobalSection
	GlobalSection(SolutionProperties) = preSolution
		HideSolutionNode = FALSE
	EndGlobalSection
	GlobalSection(NestedProjects) = preSolution
		{CB430ABF-73D4-4F82-83BB-762803DA671B} = {266D83F3-D2A9-4314-9692-B8BD1223107B}
		{EC117D85-8128-44CC-BA92-886F214788AD} = {266D83F3-D2A9-4314-9692-B8BD1223107B}
		{D4552B80-D189-44C8-93A7-6D4452E8E65A} = {266D83F3-D2A9-4314-9692-B8BD1223107B}
		{CC5732F8-2C66-40DD-ABBD-5C29E4775AAE} = {266D83F3-D2A9-4314-9692-B8BD1223107B}
		{829B6C9D-2136-4BD3-825F-399549508B8F} = {D9352CE3-ECCA-4680-8B8A-2F16265D45AE}
		{79EB823C-CE77-48FB-B3CB-FC71503ED454} = {D9352CE3-ECCA-4680-8B8A-2F16265D45AE}
		{558C6D9A-3283-4760-B023-0EFC94FC7AD1} = {D9352CE3-ECCA-4680-8B8A-2F16265D45AE}
	EndGlobalSection
	GlobalSection(ExtensibilityGlobals) = postSolution
		SolutionGuid = {A52E178F-901F-47BD-8974-5E0D9750B5F2}
	EndGlobalSection
EndGlobal
